Microsoft Visual Studio Solution File, Format Version 9.00
# Visual Studio 2005
Project("{F184B08F-C81C-45F6-A57F-5ABD9991F28F}") = "CalendarCustomDraw", "CalendarCustomDraw\CalendarCustomDraw.vbproj", "{FBA06C6B-64E0-4898-9FF7-F6D6489ACBE2}"
EndProject
Global
	GlobalSection(SolutionConfigurationPlatforms) = preSolution
		Debug|Any CPU = Debug|Any CPU
		Release|Any CPU = Release|Any CPU
	EndGlobalSection
	GlobalSection(ProjectConfigurationPlatforms) = postSolution
		{FBA06C6B-64E0-4898-9FF7-F6D6489ACBE2}.Debug|Any CPU.ActiveCfg = Debug|Any CPU
		{FBA06C6B-64E0-4898-9FF7-F6D6489ACBE2}.Debug|Any CPU.Build.0 = Debug|Any CPU
		{FBA06C6B-64E0-4898-9FF7-F6D6489ACBE2}.Release|Any CPU.ActiveCfg = Release|Any CPU
		{FBA06C6B-64E0-4898-9FF7-F6D6489ACBE2}.Release|Any CPU.Build.0 = Release|Any CPU
	EndGlobalSection
	GlobalSection(SolutionProperties) = preSolution
		HideSolutionNode = FALSE
	EndGlobalSection
EndGlobal
